
Microsoft Visual Studio Solution File, Format Version 12.00
Project("{FAE04EC0-301F-11D3-BF4B-00C04F79EFBC}") = "OOP.prac", "OOP.prac\OOP.prac.csproj", "{5FAC1182-002E-40D3-83AE-7612A7C60151}"
EndProject
Global
	GlobalSection(SolutionConfigurationPlatforms) = preSolution
		Debug|Any CPU = Debug|Any CPU
		Release|Any CPU = Release|Any CPU
	EndGlobalSection
	GlobalSection(ProjectConfigurationPlatforms) = postSolution
		{5FAC1182-002E-40D3-83AE-7612A7C60151}.Debug|Any CPU.ActiveCfg = Debug|Any CPU
		{5FAC1182-002E-40D3-83AE-7612A7C60151}.Debug|Any CPU.Build.0 = Debug|Any CPU
		{5FAC1182-002E-40D3-83AE-7612A7C60151}.Release|Any CPU.ActiveCfg = Release|Any CPU
		{5FAC1182-002E-40D3-83AE-7612A7C60151}.Release|Any CPU.Build.0 = Release|Any CPU
	EndGlobalSection
EndGlobal
